{
  "name": "test",
  "version": "0.0.1",
  "lockfileVersion": 1,
  "requires": true,
  "dependencies": {
    "deep": {
      "version": "git+http://git@localhost:7005/deep#4aae9de92e51b5a92ef2195e1680ebfee79da3f9"
    },
    "types": {
      "version": "git+http://git@localhost:7005/types#9c3460d30e82ef91200b391583842613c3d03288"
    }
  }
}
