# THIS IS AN AUTOGENERATED FILE. DO NOT EDIT THIS FILE DIRECTLY.
# yarn lockfile v1


"deep@git+http://git@localhost:7005/deep":
  version "0.0.1"
  resolved "git+http://git@localhost:7005/deep#4aae9de92e51b5a92ef2195e1680ebfee79da3f9"

"types@git+http://git@localhost:7005/types":
  version "0.0.1"
  resolved "git+http://git@localhost:7005/types#9c3460d30e82ef91200b391583842613c3d03288"
